
Microsoft Visual Studio Solution File, Format Version 12.00
# Visual Studio 2013
VisualStudioVersion = 12.0.31101.0
MinimumVisualStudioVersion = 10.0.40219.1
Project("{FAE04EC0-301F-11D3-BF4B-00C04F79EFBC}") = "UnitTesting", "UnitTesting\UnitTesting.csproj", "{6008EE4A-2557-4026-9CF6-D1608740BC57}"
EndProject
Project("{2150E333-8FDC-42A3-9474-1A3956D46DE8}") = "BLL", "BLL", "{B0471E3A-419F-46B9-9A7D-86BA9F44B8C2}"
EndProject
Project("{2150E333-8FDC-42A3-9474-1A3956D46DE8}") = "Tools", "Tools", "{E5F8E77C-5FF8-48DE-B5BF-C3F735D12761}"
EndProject
Project("{2150E333-8FDC-42A3-9474-1A3956D46DE8}") = "PA", "PA", "{CD4271AB-C0CC-4FDF-8519-1FAA22B578AA}"
EndProject
Project("{FAE04EC0-301F-11D3-BF4B-00C04F79EFBC}") = "PA", "BLL\Tools\PA\PA.csproj", "{DF451E98-5C18-4D7C-AC72-158A3B09AB2E}"
EndProject
Project("{2150E333-8FDC-42A3-9474-1A3956D46DE8}") = "UI", "UI", "{30FE1638-24AE-4CB3-AF28-6982A85F732E}"
EndProject
Project("{2150E333-8FDC-42A3-9474-1A3956D46DE8}") = "Tools", "Tools", "{7136EBEF-B116-4547-AD66-5E64B47FC9FE}"
EndProject
Project("{2150E333-8FDC-42A3-9474-1A3956D46DE8}") = "PA", "PA", "{E91CB1F6-C622-4633-B348-126346A72F1C}"
EndProject
Project("{FAE04EC0-301F-11D3-BF4B-00C04F79EFBC}") = "PA", "UI\Tools\PA\PA.csproj", "{672FFE9A-F7C4-494A-9FFF-FB7E8039B8A3}"
EndProject
Project("{FAE04EC0-301F-11D3-BF4B-00C04F79EFBC}") = "MyUnitTesting", "MyUnitTesting\MyUnitTesting.csproj", "{64D0C197-EFAB-40E0-B0E1-4F6AC29979F0}"
EndProject
Global
	GlobalSection(SolutionConfigurationPlatforms) = preSolution
		Debug|Any CPU = Debug|Any CPU
		Release|Any CPU = Release|Any CPU
	EndGlobalSection
	GlobalSection(ProjectConfigurationPlatforms) = postSolution
		{6008EE4A-2557-4026-9CF6-D1608740BC57}.Debug|Any CPU.ActiveCfg = Debug|Any CPU
		{6008EE4A-2557-4026-9CF6-D1608740BC57}.Debug|Any CPU.Build.0 = Debug|Any CPU
		{6008EE4A-2557-4026-9CF6-D1608740BC57}.Release|Any CPU.ActiveCfg = Release|Any CPU
		{6008EE4A-2557-4026-9CF6-D1608740BC57}.Release|Any CPU.Build.0 = Release|Any CPU
		{DF451E98-5C18-4D7C-AC72-158A3B09AB2E}.Debug|Any CPU.ActiveCfg = Debug|Any CPU
		{DF451E98-5C18-4D7C-AC72-158A3B09AB2E}.Debug|Any CPU.Build.0 = Debug|Any CPU
		{DF451E98-5C18-4D7C-AC72-158A3B09AB2E}.Release|Any CPU.ActiveCfg = Release|Any CPU
		{DF451E98-5C18-4D7C-AC72-158A3B09AB2E}.Release|Any CPU.Build.0 = Release|Any CPU
		{672FFE9A-F7C4-494A-9FFF-FB7E8039B8A3}.Debug|Any CPU.ActiveCfg = Debug|Any CPU
		{672FFE9A-F7C4-494A-9FFF-FB7E8039B8A3}.Debug|Any CPU.Build.0 = Debug|Any CPU
		{672FFE9A-F7C4-494A-9FFF-FB7E8039B8A3}.Release|Any CPU.ActiveCfg = Release|Any CPU
		{672FFE9A-F7C4-494A-9FFF-FB7E8039B8A3}.Release|Any CPU.Build.0 = Release|Any CPU
		{64D0C197-EFAB-40E0-B0E1-4F6AC29979F0}.Debug|Any CPU.ActiveCfg = Debug|Any CPU
		{64D0C197-EFAB-40E0-B0E1-4F6AC29979F0}.Debug|Any CPU.Build.0 = Debug|Any CPU
		{64D0C197-EFAB-40E0-B0E1-4F6AC29979F0}.Release|Any CPU.ActiveCfg = Release|Any CPU
		{64D0C197-EFAB-40E0-B0E1-4F6AC29979F0}.Release|Any CPU.Build.0 = Release|Any CPU
	EndGlobalSection
	GlobalSection(SolutionProperties) = preSolution
		HideSolutionNode = FALSE
	EndGlobalSection
	GlobalSection(NestedProjects) = preSolution
		{E5F8E77C-5FF8-48DE-B5BF-C3F735D12761} = {B0471E3A-419F-46B9-9A7D-86BA9F44B8C2}
		{CD4271AB-C0CC-4FDF-8519-1FAA22B578AA} = {E5F8E77C-5FF8-48DE-B5BF-C3F735D12761}
		{DF451E98-5C18-4D7C-AC72-158A3B09AB2E} = {CD4271AB-C0CC-4FDF-8519-1FAA22B578AA}
		{7136EBEF-B116-4547-AD66-5E64B47FC9FE} = {30FE1638-24AE-4CB3-AF28-6982A85F732E}
		{E91CB1F6-C622-4633-B348-126346A72F1C} = {7136EBEF-B116-4547-AD66-5E64B47FC9FE}
		{672FFE9A-F7C4-494A-9FFF-FB7E8039B8A3} = {E91CB1F6-C622-4633-B348-126346A72F1C}
	EndGlobalSection
EndGlobal
